
Microsoft Visual Studio Solution File, Format Version 12.00
# Visual Studio Version 17
VisualStudioVersion = 17.4.33213.308
MinimumVisualStudioVersion = 10.0.40219.1
Project("{FAE04EC0-301F-11D3-BF4B-00C04F79EFBC}") = "Application", "Console\Application.csproj", "{28C6877A-7B8D-4EAE-811A-0CC7308F552E}"
EndProject
Global
	GlobalSection(SolutionConfigurationPlatforms) = preSolution
		Debug|Any CPU = Debug|Any CPU
		Release|Any CPU = Release|Any CPU
	EndGlobalSection
	GlobalSection(ProjectConfigurationPlatforms) = postSolution
		{28C6877A-7B8D-4EAE-811A-0CC7308F552E}.Debug|Any CPU.ActiveCfg = Debug|Any CPU
		{28C6877A-7B8D-4EAE-811A-0CC7308F552E}.Debug|Any CPU.Build.0 = Debug|Any CPU
		{28C6877A-7B8D-4EAE-811A-0CC7308F552E}.Release|Any CPU.ActiveCfg = Release|Any CPU
		{28C6877A-7B8D-4EAE-811A-0CC7308F552E}.Release|Any CPU.Build.0 = Release|Any CPU
	EndGlobalSection
	GlobalSection(SolutionProperties) = preSolution
		HideSolutionNode = FALSE
	EndGlobalSection
	GlobalSection(ExtensibilityGlobals) = postSolution
		SolutionGuid = {BF4FD027-196C-4E30-8376-9899019F980F}
	EndGlobalSection
EndGlobal
